// !$*UTF8*$!
{
	archiveVersion = 1;
	classes = {
	};
	objectVersion = 50;
	objects = {

/* Begin PBXBuildFile section */
		4D99A38425460EFC0086A8F1 /* ReMask WatchKit App.app in Embed Watch Content */ = {isa = PBXBuildFile; fileRef = 4D99A38325460EFC0086A8F1 /* ReMask WatchKit App.app */; settings = {ATTRIBUTES = (RemoveHeadersOnCopy, ); }; };
		4D99A38A25460EFC0086A8F1 /* Interface.storyboard in Resources */ = {isa = PBXBuildFile; fileRef = 4D99A38825460EFC0086A8F1 /* Interface.storyboard */; };
		4D99A38C25460F020086A8F1 /* Assets.xcassets in Resources */ = {isa = PBXBuildFile; fileRef = 4D99A38B25460F020086A8F1 /* Assets.xcassets */; };
		4D99A39325460F030086A8F1 /* ReMask WatchKit Extension.appex in Embed App Extensions */ = {isa = PBXBuildFile; fileRef = 4D99A39225460F030086A8F1 /* ReMask WatchKit Extension.appex */; settings = {ATTRIBUTES = (RemoveHeadersOnCopy, ); }; };
		4D99A39825460F030086A8F1 /* ContentView.swift in Sources */ = {isa = PBXBuildFile; fileRef = 4D99A39725460F030086A8F1 /* ContentView.swift */; };
		4D99A39A25460F030086A8F1 /* HostingController.swift in Sources */ = {isa = PBXBuildFile; fileRef = 4D99A39925460F030086A8F1 /* HostingController.swift */; };
		4D99A39C25460F030086A8F1 /* ExtensionDelegate.swift in Sources */ = {isa = PBXBuildFile; fileRef = 4D99A39B25460F030086A8F1 /* ExtensionDelegate.swift */; };
		4D99A39E25460F030086A8F1 /* NotificationController.swift in Sources */ = {isa = PBXBuildFile; fileRef = 4D99A39D25460F030086A8F1 /* NotificationController.swift */; };
		4D99A3A025460F030086A8F1 /* NotificationView.swift in Sources */ = {isa = PBXBuildFile; fileRef = 4D99A39F25460F030086A8F1 /* NotificationView.swift */; };
		4D99A3A225460F030086A8F1 /* ComplicationController.swift in Sources */ = {isa = PBXBuildFile; fileRef = 4D99A3A125460F030086A8F1 /* ComplicationController.swift */; };
		4D99A3A425460F040086A8F1 /* Assets.xcassets in Resources */ = {isa = PBXBuildFile; fileRef = 4D99A3A325460F040086A8F1 /* Assets.xcassets */; };
		4D99A3A725460F040086A8F1 /* Preview Assets.xcassets in Resources */ = {isa = PBXBuildFile; fileRef = 4D99A3A625460F040086A8F1 /* Preview Assets.xcassets */; };
		4DF652C925462E2500DC4B4A /* InterfaceController.swift in Sources */ = {isa = PBXBuildFile; fileRef = 4DF652C825462E2500DC4B4A /* InterfaceController.swift */; };
/* End PBXBuildFile section */

/* Begin PBXContainerItemProxy section */
		4D99A38525460EFC0086A8F1 /* PBXContainerItemProxy */ = {
			isa = PBXContainerItemProxy;
			containerPortal = 4D99A37925460EFC0086A8F1 /* Project object */;
			proxyType = 1;
			remoteGlobalIDString = 4D99A38225460EFC0086A8F1;
			remoteInfo = "ReMask WatchKit App";
		};
		4D99A39425460F030086A8F1 /* PBXContainerItemProxy */ = {
			isa = PBXContainerItemProxy;
			containerPortal = 4D99A37925460EFC0086A8F1 /* Project object */;
			proxyType = 1;
			remoteGlobalIDString = 4D99A39125460F030086A8F1;
			remoteInfo = "ReMask WatchKit Extension";
		};
/* End PBXContainerItemProxy section */

/* Begin PBXCopyFilesBuildPhase section */
		4D99A3AF25460F040086A8F1 /* Embed App Extensions */ = {
			isa = PBXCopyFilesBuildPhase;
			buildActionMask = 2147483647;
			dstPath = "";
			dstSubfolderSpec = 13;
			files = (
				4D99A39325460F030086A8F1 /* ReMask WatchKit Extension.appex in Embed App Extensions */,
			);
			name = "Embed App Extensions";
			runOnlyForDeploymentPostprocessing = 0;
		};
		4D99A3B325460F040086A8F1 /* Embed Watch Content */ = {
			isa = PBXCopyFilesBuildPhase;
			buildActionMask = 2147483647;
			dstPath = "$(CONTENTS_FOLDER_PATH)/Watch";
			dstSubfolderSpec = 16;
			files = (
				4D99A38425460EFC0086A8F1 /* ReMask WatchKit App.app in Embed Watch Content */,
			);
			name = "Embed Watch Content";
			runOnlyForDeploymentPostprocessing = 0;
		};
/* End PBXCopyFilesBuildPhase section */

/* Begin PBXFileReference section */
		4D99A37F25460EFC0086A8F1 /* ReMask.app */ = {isa = PBXFileReference; explicitFileType = wrapper.application; includeInIndex = 0; path = ReMask.app; sourceTree = BUILT_PRODUCTS_DIR; };
		4D99A38325460EFC0086A8F1 /* ReMask WatchKit App.app */ = {isa = PBXFileReference; explicitFileType = wrapper.application; includeInIndex = 0; path = "ReMask WatchKit App.app"; sourceTree = BUILT_PRODUCTS_DIR; };
		4D99A38925460EFC0086A8F1 /* Base */ = {isa = PBXFileReference; lastKnownFileType = file.storyboard; name = Base; path = Base.lproj/Interface.storyboard; sourceTree = "<group>"; };
		4D99A38B25460F020086A8F1 /* Assets.xcassets */ = {isa = PBXFileReference; lastKnownFileType = folder.assetcatalog; path = Assets.xcassets; sourceTree = "<group>"; };
		4D99A38D25460F020086A8F1 /* Info.plist */ = {isa = PBXFileReference; lastKnownFileType = text.plist.xml; path = Info.plist; sourceTree = "<group>"; };
		4D99A39225460F030086A8F1 /* ReMask WatchKit Extension.appex */ = {isa = PBXFileReference; explicitFileType = "wrapper.app-extension"; includeInIndex = 0; path = "ReMask WatchKit Extension.appex"; sourceTree = BUILT_PRODUCTS_DIR; };
		4D99A39725460F030086A8F1 /* ContentView.swift */ = {isa = PBXFileReference; lastKnownFileType = sourcecode.swift; path = ContentView.swift; sourceTree = "<group>"; };
		4D99A39925460F030086A8F1 /* HostingController.swift */ = {isa = PBXFileReference; lastKnownFileType = sourcecode.swift; path = HostingController.swift; sourceTree = "<group>"; };
		4D99A39B25460F030086A8F1 /* ExtensionDelegate.swift */ = {isa = PBXFileReference; lastKnownFileType = sourcecode.swift; path = ExtensionDelegate.swift; sourceTree = "<group>"; };
		4D99A39D25460F030086A8F1 /* NotificationController.swift */ = {isa = PBXFileReference; lastKnownFileType = sourcecode.swift; path = NotificationController.swift; sourceTree = "<group>"; };
		4D99A39F25460F030086A8F1 /* NotificationView.swift */ = {isa = PBXFileReference; lastKnownFileType = sourcecode.swift; path = NotificationView.swift; sourceTree = "<group>"; };
		4D99A3A125460F030086A8F1 /* ComplicationController.swift */ = {isa = PBXFileReference; lastKnownFileType = sourcecode.swift; path = ComplicationController.swift; sourceTree = "<group>"; };
		4D99A3A325460F040086A8F1 /* Assets.xcassets */ = {isa = PBXFileReference; lastKnownFileType = folder.assetcatalog; path = Assets.xcassets; sourceTree = "<group>"; };
		4D99A3A625460F040086A8F1 /* Preview Assets.xcassets */ = {isa = PBXFileReference; lastKnownFileType = folder.assetcatalog; path = "Preview Assets.xcassets"; sourceTree = "<group>"; };
		4D99A3A825460F040086A8F1 /* Info.plist */ = {isa = PBXFileReference; lastKnownFileType = text.plist.xml; path = Info.plist; sourceTree = "<group>"; };
		4D99A3A925460F040086A8F1 /* PushNotificationPayload.apns */ = {isa = PBXFileReference; lastKnownFileType = text; path = PushNotificationPayload.apns; sourceTree = "<group>"; };
		4DF652C825462E2500DC4B4A /* InterfaceController.swift */ = {isa = PBXFileReference; lastKnownFileType = sourcecode.swift; path = InterfaceController.swift; sourceTree = "<group>"; };
/* End PBXFileReference section */

/* Begin PBXFrameworksBuildPhase section */
		4D99A38F25460F030086A8F1 /* Frameworks */ = {
			isa = PBXFrameworksBuildPhase;
			buildActionMask = 2147483647;
			files = (
			);
			runOnlyForDeploymentPostprocessing = 0;
		};
/* End PBXFrameworksBuildPhase section */

/* Begin PBXGroup section */
		4D99A37825460EFC0086A8F1 = {
			isa = PBXGroup;
			children = (
				4D99A38725460EFC0086A8F1 /* ReMask WatchKit App */,
				4D99A39625460F030086A8F1 /* ReMask WatchKit Extension */,
				4D99A38025460EFC0086A8F1 /* Products */,
			);
			sourceTree = "<group>";
		};
		4D99A38025460EFC0086A8F1 /* Products */ = {
			isa = PBXGroup;
			children = (
				4D99A37F25460EFC0086A8F1 /* ReMask.app */,
				4D99A38325460EFC0086A8F1 /* ReMask WatchKit App.app */,
				4D99A39225460F030086A8F1 /* ReMask WatchKit Extension.appex */,
			);
			name = Products;
			sourceTree = "<group>";
		};
		4D99A38725460EFC0086A8F1 /* ReMask WatchKit App */ = {
			isa = PBXGroup;
			children = (
				4D99A38825460EFC0086A8F1 /* Interface.storyboard */,
				4D99A38B25460F020086A8F1 /* Assets.xcassets */,
				4D99A38D25460F020086A8F1 /* Info.plist */,
			);
			path = "ReMask WatchKit App";
			sourceTree = "<group>";
		};
		4D99A39625460F030086A8F1 /* ReMask WatchKit Extension */ = {
			isa = PBXGroup;
			children = (
				4D99A39725460F030086A8F1 /* ContentView.swift */,
				4D99A39925460F030086A8F1 /* HostingController.swift */,
				4DF652C825462E2500DC4B4A /* InterfaceController.swift */,
				4D99A39B25460F030086A8F1 /* ExtensionDelegate.swift */,
				4D99A39D25460F030086A8F1 /* NotificationController.swift */,
				4D99A39F25460F030086A8F1 /* NotificationView.swift */,
				4D99A3A125460F030086A8F1 /* ComplicationController.swift */,
				4D99A3A325460F040086A8F1 /* Assets.xcassets */,
				4D99A3A825460F040086A8F1 /* Info.plist */,
				4D99A3A925460F040086A8F1 /* PushNotificationPayload.apns */,
				4D99A3A525460F040086A8F1 /* Preview Content */,
			);
			path = "ReMask WatchKit Extension";
			sourceTree = "<group>";
		};
		4D99A3A525460F040086A8F1 /* Preview Content */ = {
			isa = PBXGroup;
			children = (
				4D99A3A625460F040086A8F1 /* Preview Assets.xcassets */,
			);
			path = "Preview Content";
			sourceTree = "<group>";
		};
/* End PBXGroup section */

/* Begin PBXNativeTarget section */
		4D99A37E25460EFC0086A8F1 /* ReMask */ = {
			isa = PBXNativeTarget;
			buildConfigurationList = 4D99A3B425460F040086A8F1 /* Build configuration list for PBXNativeTarget "ReMask" */;
			buildPhases = (
				4D99A37D25460EFC0086A8F1 /* Resources */,
				4D99A3B325460F040086A8F1 /* Embed Watch Content */,
			);
			buildRules = (
			);
			dependencies = (
				4D99A38625460EFC0086A8F1 /* PBXTargetDependency */,
			);
			name = ReMask;
			productName = ReMask;
			productReference = 4D99A37F25460EFC0086A8F1 /* ReMask.app */;
			productType = "com.apple.product-type.application.watchapp2-container";
		};
		4D99A38225460EFC0086A8F1 /* ReMask WatchKit App */ = {
			isa = PBXNativeTarget;
			buildConfigurationList = 4D99A3B025460F040086A8F1 /* Build configuration list for PBXNativeTarget "ReMask WatchKit App" */;
			buildPhases = (
				4D99A38125460EFC0086A8F1 /* Resources */,
				4D99A3AF25460F040086A8F1 /* Embed App Extensions */,
			);
			buildRules = (
			);
			dependencies = (
				4D99A39525460F030086A8F1 /* PBXTargetDependency */,
			);
			name = "ReMask WatchKit App";
			productName = "ReMask WatchKit App";
			productReference = 4D99A38325460EFC0086A8F1 /* ReMask WatchKit App.app */;
			productType = "com.apple.product-type.application.watchapp2";
		};
		4D99A39125460F030086A8F1 /* ReMask WatchKit Extension */ = {
			isa = PBXNativeTarget;
			buildConfigurationList = 4D99A3AC25460F040086A8F1 /* Build configuration list for PBXNativeTarget "ReMask WatchKit Extension" */;
			buildPhases = (
				4D99A38E25460F030086A8F1 /* Sources */,
				4D99A38F25460F030086A8F1 /* Frameworks */,
				4D99A39025460F030086A8F1 /* Resources */,
			);
			buildRules = (
			);
			dependencies = (
			);
			name = "ReMask WatchKit Extension";
			productName = "ReMask WatchKit Extension";
			productReference = 4D99A39225460F030086A8F1 /* ReMask WatchKit Extension.appex */;
			productType = "com.apple.product-type.watchkit2-extension";
		};
/* End PBXNativeTarget section */

/* Begin PBXProject section */
		4D99A37925460EFC0086A8F1 /* Project object */ = {
			isa = PBXProject;
			attributes = {
				LastSwiftUpdateCheck = 1150;
				LastUpgradeCheck = 1150;
				ORGANIZATIONNAME = "Jansher Azmat";
				TargetAttributes = {
					4D99A37E25460EFC0086A8F1 = {
						CreatedOnToolsVersion = 11.5;
					};
					4D99A38225460EFC0086A8F1 = {
						CreatedOnToolsVersion = 11.5;
					};
					4D99A39125460F030086A8F1 = {
						CreatedOnToolsVersion = 11.5;
					};
				};
			};
			buildConfigurationList = 4D99A37C25460EFC0086A8F1 /* Build configuration list for PBXProject "ReMask" */;
			compatibilityVersion = "Xcode 9.3";
			developmentRegion = en;
			hasScannedForEncodings = 0;
			knownRegions = (
				en,
				Base,
			);
			mainGroup = 4D99A37825460EFC0086A8F1;
			productRefGroup = 4D99A38025460EFC0086A8F1 /* Products */;
			projectDirPath = "";
			projectRoot = "";
			targets = (
				4D99A37E25460EFC0086A8F1 /* ReMask */,
				4D99A38225460EFC0086A8F1 /* ReMask WatchKit App */,
				4D99A39125460F030086A8F1 /* ReMask WatchKit Extension */,
			);
		};
/* End PBXProject section */

/* Begin PBXResourcesBuildPhase section */
		4D99A37D25460EFC0086A8F1 /* Resources */ = {
			isa = PBXResourcesBuildPhase;
			buildActionMask = 2147483647;
			files = (
			);
			runOnlyForDeploymentPostprocessing = 0;
		};
		4D99A38125460EFC0086A8F1 /* Resources */ = {
			isa = PBXResourcesBuildPhase;
			buildActionMask = 2147483647;
			files = (
				4D99A38C25460F020086A8F1 /* Assets.xcassets in Resources */,
				4D99A38A25460EFC0086A8F1 /* Interface.storyboard in Resources */,
			);
			runOnlyForDeploymentPostprocessing = 0;
		};
		4D99A39025460F030086A8F1 /* Resources */ = {
			isa = PBXResourcesBuildPhase;
			buildActionMask = 2147483647;
			files = (
				4D99A3A725460F040086A8F1 /* Preview Assets.xcassets in Resources */,
				4D99A3A425460F040086A8F1 /* Assets.xcassets in Resources */,
			);
			runOnlyForDeploymentPostprocessing = 0;
		};
/* End PBXResourcesBuildPhase section */

/* Begin PBXSourcesBuildPhase section */
		4D99A38E25460F030086A8F1 /* Sources */ = {
			isa = PBXSourcesBuildPhase;
			buildActionMask = 2147483647;
			files = (
				4D99A39A25460F030086A8F1 /* HostingController.swift in Sources */,
				4D99A39825460F030086A8F1 /* ContentView.swift in Sources */,
				4D99A39E25460F030086A8F1 /* NotificationController.swift in Sources */,
				4DF652C925462E2500DC4B4A /* InterfaceController.swift in Sources */,
				4D99A39C25460F030086A8F1 /* ExtensionDelegate.swift in Sources */,
				4D99A3A025460F030086A8F1 /* NotificationView.swift in Sources */,
				4D99A3A225460F030086A8F1 /* ComplicationController.swift in Sources */,
			);
			runOnlyForDeploymentPostprocessing = 0;
		};
/* End PBXSourcesBuildPhase section */

/* Begin PBXTargetDependency section */
		4D99A38625460EFC0086A8F1 /* PBXTargetDependency */ = {
			isa = PBXTargetDependency;
			target = 4D99A38225460EFC0086A8F1 /* ReMask WatchKit App */;
			targetProxy = 4D99A38525460EFC0086A8F1 /* PBXContainerItemProxy */;
		};
		4D99A39525460F030086A8F1 /* PBXTargetDependency */ = {
			isa = PBXTargetDependency;
			target = 4D99A39125460F030086A8F1 /* ReMask WatchKit Extension */;
			targetProxy = 4D99A39425460F030086A8F1 /* PBXContainerItemProxy */;
		};
/* End PBXTargetDependency section */

/* Begin PBXVariantGroup section */
		4D99A38825460EFC0086A8F1 /* Interface.storyboard */ = {
			isa = PBXVariantGroup;
			children = (
				4D99A38925460EFC0086A8F1 /* Base */,
			);
			name = Interface.storyboard;
			sourceTree = "<group>";
		};
/* End PBXVariantGroup section */

/* Begin XCBuildConfiguration section */
		4D99A3AA25460F040086A8F1 /* Debug */ = {
			isa = XCBuildConfiguration;
			buildSettings = {
				ALWAYS_SEARCH_USER_PATHS = NO;
				CLANG_ANALYZER_NONNULL = YES;
				CLANG_ANALYZER_NUMBER_OBJECT_CONVERSION = YES_AGGRESSIVE;
				CLANG_CXX_LANGUAGE_STANDARD = "gnu++14";
				CLANG_CXX_LIBRARY = "libc++";
				CLANG_ENABLE_MODULES = YES;
				CLANG_ENABLE_OBJC_ARC = YES;
				CLANG_ENABLE_OBJC_WEAK = YES;
				CLANG_WARN_BLOCK_CAPTURE_AUTORELEASING = YES;
				CLANG_WARN_BOOL_CONVERSION = YES;
				CLANG_WARN_COMMA = YES;
				CLANG_WARN_CONSTANT_CONVERSION = YES;
				CLANG_WARN_DEPRECATED_OBJC_IMPLEMENTATIONS = YES;
				CLANG_WARN_DIRECT_OBJC_ISA_USAGE = YES_ERROR;
				CLANG_WARN_DOCUMENTATION_COMMENTS = YES;
				CLANG_WARN_EMPTY_BODY = YES;
				CLANG_WARN_ENUM_CONVERSION = YES;
				CLANG_WARN_INFINITE_RECURSION = YES;
				CLANG_WARN_INT_CONVERSION = YES;
				CLANG_WARN_NON_LITERAL_NULL_CONVERSION = YES;
				CLANG_WARN_OBJC_IMPLICIT_RETAIN_SELF = YES;
				CLANG_WARN_OBJC_LITERAL_CONVERSION = YES;
				CLANG_WARN_OBJC_ROOT_CLASS = YES_ERROR;
				CLANG_WARN_RANGE_LOOP_ANALYSIS = YES;
				CLANG_WARN_STRICT_PROTOTYPES = YES;
				CLANG_WARN_SUSPICIOUS_MOVE = YES;
				CLANG_WARN_UNGUARDED_AVAILABILITY = YES_AGGRESSIVE;
				CLANG_WARN_UNREACHABLE_CODE = YES;
				CLANG_WARN__DUPLICATE_METHOD_MATCH = YES;
				COPY_PHASE_STRIP = NO;
				DEBUG_INFORMATION_FORMAT = dwarf;
				ENABLE_STRICT_OBJC_MSGSEND = YES;
				ENABLE_TESTABILITY = YES;
				GCC_C_LANGUAGE_STANDARD = gnu11;
				GCC_DYNAMIC_NO_PIC = NO;
				GCC_NO_COMMON_BLOCKS = YES;
				GCC_OPTIMIZATION_LEVEL = 0;
				GCC_PREPROCESSOR_DEFINITIONS = (
					"DEBUG=1",
					"$(inherited)",
				);
				GCC_WARN_64_TO_32_BIT_CONVERSION = YES;
				GCC_WARN_ABOUT_RETURN_TYPE = YES_ERROR;
				GCC_WARN_UNDECLARED_SELECTOR = YES;
				GCC_WARN_UNINITIALIZED_AUTOS = YES_AGGRESSIVE;
				GCC_WARN_UNUSED_FUNCTION = YES;
				GCC_WARN_UNUSED_VARIABLE = YES;
				MTL_ENABLE_DEBUG_INFO = INCLUDE_SOURCE;
				MTL_FAST_MATH = YES;
				ONLY_ACTIVE_ARCH = YES;
				SDKROOT = iphoneos;
				SWIFT_ACTIVE_COMPILATION_CONDITIONS = DEBUG;
				SWIFT_OPTIMIZATION_LEVEL = "-Onone";
			};
			name = Debug;
		};
		4D99A3AB25460F040086A8F1 /* Release */ = {
			isa = XCBuildConfiguration;
			buildSettings = {
				ALWAYS_SEARCH_USER_PATHS = NO;
				CLANG_ANALYZER_NONNULL = YES;
				CLANG_ANALYZER_NUMBER_OBJECT_CONVERSION = YES_AGGRESSIVE;
				CLANG_CXX_LANGUAGE_STANDARD = "gnu++14";
				CLANG_CXX_LIBRARY = "libc++";
				CLANG_ENABLE_MODULES = YES;
				CLANG_ENABLE_OBJC_ARC = YES;
				CLANG_ENABLE_OBJC_WEAK = YES;
				CLANG_WARN_BLOCK_CAPTURE_AUTORELEASING = YES;
				CLANG_WARN_BOOL_CONVERSION = YES;
				CLANG_WARN_COMMA = YES;
				CLANG_WARN_CONSTANT_CONVERSION = YES;
				CLANG_WARN_DEPRECATED_OBJC_IMPLEMENTATIONS = YES;
				CLANG_WARN_DIRECT_OBJC_ISA_USAGE = YES_ERROR;
				CLANG_WARN_DOCUMENTATION_COMMENTS = YES;
				CLANG_WARN_EMPTY_BODY = YES;
				CLANG_WARN_ENUM_CONVERSION = YES;
				CLANG_WARN_INFINITE_RECURSION = YES;
				CLANG_WARN_INT_CONVERSION = YES;
				CLANG_WARN_NON_LITERAL_NULL_CONVERSION = YES;
				CLANG_WARN_OBJC_IMPLICIT_RETAIN_SELF = YES;
				CLANG_WARN_OBJC_LITERAL_CONVERSION = YES;
				CLANG_WARN_OBJC_ROOT_CLASS = YES_ERROR;
				CLANG_WARN_RANGE_LOOP_ANALYSIS = YES;
				CLANG_WARN_STRICT_PROTOTYPES = YES;
				CLANG_WARN_SUSPICIOUS_MOVE = YES;
				CLANG_WARN_UNGUARDED_AVAILABILITY = YES_AGGRESSIVE;
				CLANG_WARN_UNREACHABLE_CODE = YES;
				CLANG_WARN__DUPLICATE_METHOD_MATCH = YES;
				COPY_PHASE_STRIP = NO;
				DEBUG_INFORMATION_FORMAT = "dwarf-with-dsym";
				ENABLE_NS_ASSERTIONS = NO;
				ENABLE_STRICT_OBJC_MSGSEND = YES;
				GCC_C_LANGUAGE_STANDARD = gnu11;
				GCC_NO_COMMON_BLOCKS = YES;
				GCC_WARN_64_TO_32_BIT_CONVERSION = YES;
				GCC_WARN_ABOUT_RETURN_TYPE = YES_ERROR;
				GCC_WARN_UNDECLARED_SELECTOR = YES;
				GCC_WARN_UNINITIALIZED_AUTOS = YES_AGGRESSIVE;
				GCC_WARN_UNUSED_FUNCTION = YES;
				GCC_WARN_UNUSED_VARIABLE = YES;
				MTL_ENABLE_DEBUG_INFO = NO;
				MTL_FAST_MATH = YES;
				SDKROOT = iphoneos;
				SWIFT_COMPILATION_MODE = wholemodule;
				SWIFT_OPTIMIZATION_LEVEL = "-O";
				VALIDATE_PRODUCT = YES;
			};
			name = Release;
		};
		4D99A3AD25460F040086A8F1 /* Debug */ = {
			isa = XCBuildConfiguration;
			buildSettings = {
				ASSETCATALOG_COMPILER_COMPLICATION_NAME = Complication;
				CODE_SIGN_STYLE = Automatic;
				DEVELOPMENT_ASSET_PATHS = "\"ReMask WatchKit Extension/Preview Content\"";
				ENABLE_PREVIEWS = YES;
				INFOPLIST_FILE = "ReMask WatchKit Extension/Info.plist";
				LD_RUNPATH_SEARCH_PATHS = (
					"$(inherited)",
					"@executable_path/Frameworks",
					"@executable_path/../../Frameworks",
				);
				PRODUCT_BUNDLE_IDENTIFIER = com.jansherazmat.ReMask.watchkitapp.watchkitextension;
				PRODUCT_NAME = "${TARGET_NAME}";
				SDKROOT = watchos;
				SKIP_INSTALL = YES;
				SWIFT_VERSION = 5.0;
				TARGETED_DEVICE_FAMILY = 4;
				WATCHOS_DEPLOYMENT_TARGET = 6.2;
			};
			name = Debug;
		};
		4D99A3AE25460F040086A8F1 /* Release */ = {
			isa = XCBuildConfiguration;
			buildSettings = {
				ASSETCATALOG_COMPILER_COMPLICATION_NAME = Complication;
				CODE_SIGN_STYLE = Automatic;
				DEVELOPMENT_ASSET_PATHS = "\"ReMask WatchKit Extension/Preview Content\"";
				ENABLE_PREVIEWS = YES;
				INFOPLIST_FILE = "ReMask WatchKit Extension/Info.plist";
				LD_RUNPATH_SEARCH_PATHS = (
					"$(inherited)",
					"@executable_path/Frameworks",
					"@executable_path/../../Frameworks",
				);
				PRODUCT_BUNDLE_IDENTIFIER = com.jansherazmat.ReMask.watchkitapp.watchkitextension;
				PRODUCT_NAME = "${TARGET_NAME}";
				SDKROOT = watchos;
				SKIP_INSTALL = YES;
				SWIFT_VERSION = 5.0;
				TARGETED_DEVICE_FAMILY = 4;
				WATCHOS_DEPLOYMENT_TARGET = 6.2;
			};
			name = Release;
		};
		4D99A3B125460F040086A8F1 /* Debug */ = {
			isa = XCBuildConfiguration;
			buildSettings = {
				ALWAYS_EMBED_SWIFT_STANDARD_LIBRARIES = YES;
				ASSETCATALOG_COMPILER_APPICON_NAME = AppIcon;
				CODE_SIGN_STYLE = Automatic;
				IBSC_MODULE = ReMask_WatchKit_Extension;
				INFOPLIST_FILE = "ReMask WatchKit App/Info.plist";
				PRODUCT_BUNDLE_IDENTIFIER = com.jansherazmat.ReMask.watchkitapp;
				PRODUCT_NAME = "$(TARGET_NAME)";
				SDKROOT = watchos;
				SKIP_INSTALL = YES;
				SWIFT_VERSION = 5.0;
				TARGETED_DEVICE_FAMILY = 4;
				WATCHOS_DEPLOYMENT_TARGET = 6.2;
			};
			name = Debug;
		};
		4D99A3B225460F040086A8F1 /* Release */ = {
			isa = XCBuildConfiguration;
			buildSettings = {
				ALWAYS_EMBED_SWIFT_STANDARD_LIBRARIES = YES;
				ASSETCATALOG_COMPILER_APPICON_NAME = AppIcon;
				CODE_SIGN_STYLE = Automatic;
				IBSC_MODULE = ReMask_WatchKit_Extension;
				INFOPLIST_FILE = "ReMask WatchKit App/Info.plist";
				PRODUCT_BUNDLE_IDENTIFIER = com.jansherazmat.ReMask.watchkitapp;
				PRODUCT_NAME = "$(TARGET_NAME)";
				SDKROOT = watchos;
				SKIP_INSTALL = YES;
				SWIFT_VERSION = 5.0;
				TARGETED_DEVICE_FAMILY = 4;
				WATCHOS_DEPLOYMENT_TARGET = 6.2;
			};
			name = Release;
		};
		4D99A3B525460F040086A8F1 /* Debug */ = {
			isa = XCBuildConfiguration;
			buildSettings = {
				CODE_SIGN_STYLE = Automatic;
				CURRENT_PROJECT_VERSION = 1;
				MARKETING_VERSION = 1.0;
				PRODUCT_BUNDLE_IDENTIFIER = com.jansherazmat.ReMask;
				PRODUCT_NAME = "$(TARGET_NAME)";
				SWIFT_VERSION = 5.0;
			};
			name = Debug;
		};
		4D99A3B625460F040086A8F1 /* Release */ = {
			isa = XCBuildConfiguration;
			buildSettings = {
				CODE_SIGN_STYLE = Automatic;
				CURRENT_PROJECT_VERSION = 1;
				MARKETING_VERSION = 1.0;
				PRODUCT_BUNDLE_IDENTIFIER = com.jansherazmat.ReMask;
				PRODUCT_NAME = "$(TARGET_NAME)";
				SWIFT_VERSION = 5.0;
			};
			name = Release;
		};
/* End XCBuildConfiguration section */

/* Begin XCConfigurationList section */
		4D99A37C25460EFC0086A8F1 /* Build configuration list for PBXProject "ReMask" */ = {
			isa = XCConfigurationList;
			buildConfigurations = (
				4D99A3AA25460F040086A8F1 /* Debug */,
				4D99A3AB25460F040086A8F1 /* Release */,
			);
			defaultConfigurationIsVisible = 0;
			defaultConfigurationName = Release;
		};
		4D99A3AC25460F040086A8F1 /* Build configuration list for PBXNativeTarget "ReMask WatchKit Extension" */ = {
			isa = XCConfigurationList;
			buildConfigurations = (
				4D99A3AD25460F040086A8F1 /* Debug */,
				4D99A3AE25460F040086A8F1 /* Release */,
			);
			defaultConfigurationIsVisible = 0;
			defaultConfigurationName = Release;
		};
		4D99A3B025460F040086A8F1 /* Build configuration list for PBXNativeTarget "ReMask WatchKit App" */ = {
			isa = XCConfigurationList;
			buildConfigurations = (
				4D99A3B125460F040086A8F1 /* Debug */,
				4D99A3B225460F040086A8F1 /* Release */,
			);
			defaultConfigurationIsVisible = 0;
			defaultConfigurationName = Release;
		};
		4D99A3B425460F040086A8F1 /* Build configuration list for PBXNativeTarget "ReMask" */ = {
			isa = XCConfigurationList;
			buildConfigurations = (
				4D99A3B525460F040086A8F1 /* Debug */,
				4D99A3B625460F040086A8F1 /* Release */,
			);
			defaultConfigurationIsVisible = 0;
			defaultConfigurationName = Release;
		};
/* End XCConfigurationList section */
	};
	rootObject = 4D99A37925460EFC0086A8F1 /* Project object */;
}

